// !$*UTF8*$!
{
	archiveVersion = 1;
	classes = {
	};
	objectVersion = 52;
	objects = {

/* Begin PBXBuildFile section */
		4EDD575C93A2C7F7077520DA /* Pods_21DaysFitNess.framework in Frameworks */ = {isa = PBXBuildFile; fileRef = F7BFEF9632D9A65404EE7B9B /* Pods_21DaysFitNess.framework */; };
		E704E6A325F6085700AD0379 /* DoExerciseViewController.swift in Sources */ = {isa = PBXBuildFile; fileRef = E704E6A225F6085700AD0379 /* DoExerciseViewController.swift */; };
		E71F884025AC0B8E000C38E0 /* MainViewController.swift in Sources */ = {isa = PBXBuildFile; fileRef = E71F883F25AC0B8E000C38E0 /* MainViewController.swift */; };
		E71F884925BE7C1A000C38E0 /* ProgramViewController.swift in Sources */ = {isa = PBXBuildFile; fileRef = E71F884825BE7C1A000C38E0 /* ProgramViewController.swift */; };
		E71F887125C004EE000C38E0 /* PlanViewController.swift in Sources */ = {isa = PBXBuildFile; fileRef = E71F887025C004EE000C38E0 /* PlanViewController.swift */; };
		E71F887625C1299B000C38E0 /* MenuViewController.swift in Sources */ = {isa = PBXBuildFile; fileRef = E71F887525C1299B000C38E0 /* MenuViewController.swift */; };
		E71F887F25C12C95000C38E0 /* MenuTableViewCell.swift in Sources */ = {isa = PBXBuildFile; fileRef = E71F887D25C12C95000C38E0 /* MenuTableViewCell.swift */; };
		E71F888025C12C95000C38E0 /* MenuTableViewCell.xib in Resources */ = {isa = PBXBuildFile; fileRef = E71F887E25C12C95000C38E0 /* MenuTableViewCell.xib */; };
		E71F888325C1333B000C38E0 /* MenuData.swift in Sources */ = {isa = PBXBuildFile; fileRef = E71F888225C1333B000C38E0 /* MenuData.swift */; };
		E71F888625C14A91000C38E0 /* SettingViewController.swift in Sources */ = {isa = PBXBuildFile; fileRef = E71F888525C14A91000C38E0 /* SettingViewController.swift */; };
		E726788725F8AE2A00CA1EF4 /* ProgramCollectionViewCell.swift in Sources */ = {isa = PBXBuildFile; fileRef = E726788525F8AE2A00CA1EF4 /* ProgramCollectionViewCell.swift */; };
		E726788825F8AE2A00CA1EF4 /* ProgramCollectionViewCell.xib in Resources */ = {isa = PBXBuildFile; fileRef = E726788625F8AE2A00CA1EF4 /* ProgramCollectionViewCell.xib */; };
		E726788C25F8B3A700CA1EF4 /* ProgramData.swift in Sources */ = {isa = PBXBuildFile; fileRef = E726788B25F8B3A700CA1EF4 /* ProgramData.swift */; };
		E726789D25F9CA8D00CA1EF4 /* PlanCollectionViewCell.swift in Sources */ = {isa = PBXBuildFile; fileRef = E726789B25F9CA8D00CA1EF4 /* PlanCollectionViewCell.swift */; };
		E726789E25F9CA8D00CA1EF4 /* PlanCollectionViewCell.xib in Resources */ = {isa = PBXBuildFile; fileRef = E726789C25F9CA8D00CA1EF4 /* PlanCollectionViewCell.xib */; };
		E72678A125F9CCF200CA1EF4 /* WeekModel.swift in Sources */ = {isa = PBXBuildFile; fileRef = E72678A025F9CCF200CA1EF4 /* WeekModel.swift */; };
		E72678A425F9E04900CA1EF4 /* DoExercise2ViewController.swift in Sources */ = {isa = PBXBuildFile; fileRef = E72678A325F9E04900CA1EF4 /* DoExercise2ViewController.swift */; };
		E72678C325FF1C0600CA1EF4 /* GCProgressView in Frameworks */ = {isa = PBXBuildFile; productRef = E72678C225FF1C0600CA1EF4 /* GCProgressView */; };
		E72678CF2608A30600CA1EF4 /* API.swift in Sources */ = {isa = PBXBuildFile; fileRef = E72678CE2608A30600CA1EF4 /* API.swift */; };
		E72719C825CAA0F100D5FA54 /* ReminderViewController.swift in Sources */ = {isa = PBXBuildFile; fileRef = E72719C725CAA0F100D5FA54 /* ReminderViewController.swift */; };
		E72719CB25CAB57400D5FA54 /* TimerViewController.swift in Sources */ = {isa = PBXBuildFile; fileRef = E72719CA25CAB57400D5FA54 /* TimerViewController.swift */; };
		E73DE11C25F0C38800D27ECF /* 21.gif in Resources */ = {isa = PBXBuildFile; fileRef = E73DE0F525F0C38800D27ECF /* 21.gif */; };
		E73DE11D25F0C38800D27ECF /* 35.gif in Resources */ = {isa = PBXBuildFile; fileRef = E73DE0F625F0C38800D27ECF /* 35.gif */; };
		E73DE11E25F0C38800D27ECF /* 09.gif in Resources */ = {isa = PBXBuildFile; fileRef = E73DE0F725F0C38800D27ECF /* 09.gif */; };
		E73DE11F25F0C38800D27ECF /* 08.gif in Resources */ = {isa = PBXBuildFile; fileRef = E73DE0F825F0C38800D27ECF /* 08.gif */; };
		E73DE12025F0C38800D27ECF /* 34.gif in Resources */ = {isa = PBXBuildFile; fileRef = E73DE0F925F0C38800D27ECF /* 34.gif */; };
		E73DE12125F0C38800D27ECF /* 20.gif in Resources */ = {isa = PBXBuildFile; fileRef = E73DE0FA25F0C38800D27ECF /* 20.gif */; };
		E73DE12225F0C38800D27ECF /* 36.gif in Resources */ = {isa = PBXBuildFile; fileRef = E73DE0FB25F0C38800D27ECF /* 36.gif */; };
		E73DE12325F0C38800D27ECF /* 22.gif in Resources */ = {isa = PBXBuildFile; fileRef = E73DE0FC25F0C38800D27ECF /* 22.gif */; };
		E73DE12425F0C38800D27ECF /* 23.gif in Resources */ = {isa = PBXBuildFile; fileRef = E73DE0FD25F0C38800D27ECF /* 23.gif */; };
		E73DE12525F0C38800D27ECF /* 33.gif in Resources */ = {isa = PBXBuildFile; fileRef = E73DE0FE25F0C38800D27ECF /* 33.gif */; };
		E73DE12625F0C38800D27ECF /* 27.gif in Resources */ = {isa = PBXBuildFile; fileRef = E73DE0FF25F0C38800D27ECF /* 27.gif */; };
		E73DE12725F0C38800D27ECF /* 26.gif in Resources */ = {isa = PBXBuildFile; fileRef = E73DE10025F0C38800D27ECF /* 26.gif */; };
		E73DE12825F0C38800D27ECF /* 32.gif in Resources */ = {isa = PBXBuildFile; fileRef = E73DE10125F0C38800D27ECF /* 32.gif */; };
		E73DE12925F0C38800D27ECF /* 18.gif in Resources */ = {isa = PBXBuildFile; fileRef = E73DE10225F0C38800D27ECF /* 18.gif */; };
		E73DE12A25F0C38800D27ECF /* 30.gif in Resources */ = {isa = PBXBuildFile; fileRef = E73DE10325F0C38800D27ECF /* 30.gif */; };
		E73DE12B25F0C38800D27ECF /* 31.gif in Resources */ = {isa = PBXBuildFile; fileRef = E73DE10425F0C38800D27ECF /* 31.gif */; };
		E73DE12C25F0C38800D27ECF /* 25.gif in Resources */ = {isa = PBXBuildFile; fileRef = E73DE10525F0C38800D27ECF /* 25.gif */; };
		E73DE12D25F0C38800D27ECF /* 19.gif in Resources */ = {isa = PBXBuildFile; fileRef = E73DE10625F0C38800D27ECF /* 19.gif */; };
		E73DE12E25F0C38800D27ECF /* 07.gif in Resources */ = {isa = PBXBuildFile; fileRef = E73DE10725F0C38800D27ECF /* 07.gif */; };
		E73DE12F25F0C38800D27ECF /* 39.gif in Resources */ = {isa = PBXBuildFile; fileRef = E73DE10825F0C38800D27ECF /* 39.gif */; };
		E73DE13025F0C38800D27ECF /* 38.gif in Resources */ = {isa = PBXBuildFile; fileRef = E73DE10925F0C38800D27ECF /* 38.gif */; };
		E73DE13125F0C38800D27ECF /* 37.gif in Resources */ = {isa = PBXBuildFile; fileRef = E73DE10A25F0C38800D27ECF /* 37.gif */; };
		E73DE13225F0C38800D27ECF /* 24.gif in Resources */ = {isa = PBXBuildFile; fileRef = E73DE10B25F0C38800D27ECF /* 24.gif */; };
		E73DE13325F0C38800D27ECF /* 14.gif in Resources */ = {isa = PBXBuildFile; fileRef = E73DE10C25F0C38800D27ECF /* 14.gif */; };
		E73DE13425F0C38800D27ECF /* 28.gif in Resources */ = {isa = PBXBuildFile; fileRef = E73DE10D25F0C38800D27ECF /* 28.gif */; };
		E73DE13525F0C38800D27ECF /* 29.gif in Resources */ = {isa = PBXBuildFile; fileRef = E73DE10E25F0C38800D27ECF /* 29.gif */; };
		E73DE13625F0C38800D27ECF /* 15.gif in Resources */ = {isa = PBXBuildFile; fileRef = E73DE10F25F0C38800D27ECF /* 15.gif */; };
		E73DE13725F0C38800D27ECF /* 01.gif in Resources */ = {isa = PBXBuildFile; fileRef = E73DE11025F0C38800D27ECF /* 01.gif */; };
		E73DE13825F0C38800D27ECF /* 17.gif in Resources */ = {isa = PBXBuildFile; fileRef = E73DE11125F0C38800D27ECF /* 17.gif */; };
		E73DE13925F0C38800D27ECF /* 03.gif in Resources */ = {isa = PBXBuildFile; fileRef = E73DE11225F0C38800D27ECF /* 03.gif */; };
		E73DE13A25F0C38800D27ECF /* 02.gif in Resources */ = {isa = PBXBuildFile; fileRef = E73DE11325F0C38800D27ECF /* 02.gif */; };
		E73DE13B25F0C38800D27ECF /* 16.gif in Resources */ = {isa = PBXBuildFile; fileRef = E73DE11425F0C38800D27ECF /* 16.gif */; };
		E73DE13C25F0C38800D27ECF /* 12.gif in Resources */ = {isa = PBXBuildFile; fileRef = E73DE11525F0C38800D27ECF /* 12.gif */; };
		E73DE13D25F0C38800D27ECF /* 06.gif in Resources */ = {isa = PBXBuildFile; fileRef = E73DE11625F0C38800D27ECF /* 06.gif */; };
		E73DE13E25F0C38800D27ECF /* 13.gif in Resources */ = {isa = PBXBuildFile; fileRef = E73DE11725F0C38800D27ECF /* 13.gif */; };
		E73DE13F25F0C38800D27ECF /* 05.gif in Resources */ = {isa = PBXBuildFile; fileRef = E73DE11825F0C38800D27ECF /* 05.gif */; };
		E73DE14025F0C38800D27ECF /* 11.gif in Resources */ = {isa = PBXBuildFile; fileRef = E73DE11925F0C38800D27ECF /* 11.gif */; };
		E73DE14125F0C38800D27ECF /* 10.gif in Resources */ = {isa = PBXBuildFile; fileRef = E73DE11A25F0C38800D27ECF /* 10.gif */; };
		E73DE14225F0C38800D27ECF /* 04.gif in Resources */ = {isa = PBXBuildFile; fileRef = E73DE11B25F0C38800D27ECF /* 04.gif */; };
		E73DE14725F0C4BF00D27ECF /* ReviewExerciseViewController.swift in Sources */ = {isa = PBXBuildFile; fileRef = E73DE14625F0C4BF00D27ECF /* ReviewExerciseViewController.swift */; };
		E76DE19925CB974D00A373BD /* ChallengerViewController.swift in Sources */ = {isa = PBXBuildFile; fileRef = E76DE19825CB974D00A373BD /* ChallengerViewController.swift */; };
		E76DE19D25CBA0D200A373BD /* ChallengerCollectionViewCell.swift in Sources */ = {isa = PBXBuildFile; fileRef = E76DE19B25CBA0D200A373BD /* ChallengerCollectionViewCell.swift */; };
		E76DE19E25CBA0D200A373BD /* ChallengerCollectionViewCell.xib in Resources */ = {isa = PBXBuildFile; fileRef = E76DE19C25CBA0D200A373BD /* ChallengerCollectionViewCell.xib */; };
		E76DE1A125CBA83200A373BD /* DayModel.swift in Sources */ = {isa = PBXBuildFile; fileRef = E76DE1A025CBA83200A373BD /* DayModel.swift */; };
		E77C9D7425E620B3003D9277 /* ExerciseViewController.swift in Sources */ = {isa = PBXBuildFile; fileRef = E77C9D7325E620B3003D9277 /* ExerciseViewController.swift */; };
		E77C9D7E25E6274A003D9277 /* ExcerciseCollectionViewCell.swift in Sources */ = {isa = PBXBuildFile; fileRef = E77C9D7C25E6274A003D9277 /* ExcerciseCollectionViewCell.swift */; };
		E77C9D7F25E6274A003D9277 /* ExcerciseCollectionViewCell.xib in Resources */ = {isa = PBXBuildFile; fileRef = E77C9D7D25E6274A003D9277 /* ExcerciseCollectionViewCell.xib */; };
		E77C9E2025E64E24003D9277 /* plan_FAT_BURNING_EXERCISE.json in Resources */ = {isa = PBXBuildFile; fileRef = E77C9E1F25E64E24003D9277 /* plan_FAT_BURNING_EXERCISE.json */; };
		E77C9E2425E8A7E2003D9277 /* plan_WAIST_EXERCISE.json in Resources */ = {isa = PBXBuildFile; fileRef = E77C9E2325E8A7E2003D9277 /* plan_WAIST_EXERCISE.json */; };
		E77C9E2725E8A807003D9277 /* plan_HIP_EXERCISE.json in Resources */ = {isa = PBXBuildFile; fileRef = E77C9E2625E8A807003D9277 /* plan_HIP_EXERCISE.json */; };
		E77C9E2B25E8A83B003D9277 /* plan_LEG_FAT_BURNING_EXERCISE.json in Resources */ = {isa = PBXBuildFile; fileRef = E77C9E2A25E8A83B003D9277 /* plan_LEG_FAT_BURNING_EXERCISE.json */; };
		E77C9E2F25ECE7DE003D9277 /* plan_default.json in Resources */ = {isa = PBXBuildFile; fileRef = E77C9E2E25ECE7DE003D9277 /* plan_default.json */; };
		E77C9E3525ECEC35003D9277 /* PlanData.swift in Sources */ = {isa = PBXBuildFile; fileRef = E77C9E3425ECEC35003D9277 /* PlanData.swift */; };
		E7FD5C8125ABF67300CFFB1E /* AppDelegate.swift in Sources */ = {isa = PBXBuildFile; fileRef = E7FD5C8025ABF67300CFFB1E /* AppDelegate.swift */; };
		E7FD5C8325ABF67300CFFB1E /* SceneDelegate.swift in Sources */ = {isa = PBXBuildFile; fileRef = E7FD5C8225ABF67300CFFB1E /* SceneDelegate.swift */; };
		E7FD5C8525ABF67300CFFB1E /* ViewController.swift in Sources */ = {isa = PBXBuildFile; fileRef = E7FD5C8425ABF67300CFFB1E /* ViewController.swift */; };
		E7FD5C8825ABF67300CFFB1E /* Main.storyboard in Resources */ = {isa = PBXBuildFile; fileRef = E7FD5C8625ABF67300CFFB1E /* Main.storyboard */; };
		E7FD5C8A25ABF67600CFFB1E /* Assets.xcassets in Resources */ = {isa = PBXBuildFile; fileRef = E7FD5C8925ABF67600CFFB1E /* Assets.xcassets */; };
		E7FD5C8D25ABF67600CFFB1E /* LaunchScreen.storyboard in Resources */ = {isa = PBXBuildFile; fileRef = E7FD5C8B25ABF67600CFFB1E /* LaunchScreen.storyboard */; };
/* End PBXBuildFile section */

/* Begin PBXFileReference section */
		10DCB233FE3CB533DDE4ABF0 /* Pods-21DaysFitNess.debug.xcconfig */ = {isa = PBXFileReference; includeInIndex = 1; lastKnownFileType = text.xcconfig; name = "Pods-21DaysFitNess.debug.xcconfig"; path = "Target Support Files/Pods-21DaysFitNess/Pods-21DaysFitNess.debug.xcconfig"; sourceTree = "<group>"; };
		E704E6A225F6085700AD0379 /* DoExerciseViewController.swift */ = {isa = PBXFileReference; lastKnownFileType = sourcecode.swift; path = DoExerciseViewController.swift; sourceTree = "<group>"; };
		E71F883F25AC0B8E000C38E0 /* MainViewController.swift */ = {isa = PBXFileReference; fileEncoding = 4; lastKnownFileType = sourcecode.swift; path = MainViewController.swift; sourceTree = "<group>"; };
		E71F884825BE7C1A000C38E0 /* ProgramViewController.swift */ = {isa = PBXFileReference; lastKnownFileType = sourcecode.swift; path = ProgramViewController.swift; sourceTree = "<group>"; };
		E71F887025C004EE000C38E0 /* PlanViewController.swift */ = {isa = PBXFileReference; lastKnownFileType = sourcecode.swift; path = PlanViewController.swift; sourceTree = "<group>"; };
		E71F887525C1299B000C38E0 /* MenuViewController.swift */ = {isa = PBXFileReference; lastKnownFileType = sourcecode.swift; path = MenuViewController.swift; sourceTree = "<group>"; };
		E71F887D25C12C95000C38E0 /* MenuTableViewCell.swift */ = {isa = PBXFileReference; lastKnownFileType = sourcecode.swift; path = MenuTableViewCell.swift; sourceTree = "<group>"; };
		E71F887E25C12C95000C38E0 /* MenuTableViewCell.xib */ = {isa = PBXFileReference; lastKnownFileType = file.xib; path = MenuTableViewCell.xib; sourceTree = "<group>"; };
		E71F888225C1333B000C38E0 /* MenuData.swift */ = {isa = PBXFileReference; lastKnownFileType = sourcecode.swift; path = MenuData.swift; sourceTree = "<group>"; };
		E71F888525C14A91000C38E0 /* SettingViewController.swift */ = {isa = PBXFileReference; lastKnownFileType = sourcecode.swift; path = SettingViewController.swift; sourceTree = "<group>"; };
		E726788525F8AE2A00CA1EF4 /* ProgramCollectionViewCell.swift */ = {isa = PBXFileReference; lastKnownFileType = sourcecode.swift; path = ProgramCollectionViewCell.swift; sourceTree = "<group>"; };
		E726788625F8AE2A00CA1EF4 /* ProgramCollectionViewCell.xib */ = {isa = PBXFileReference; lastKnownFileType = file.xib; path = ProgramCollectionViewCell.xib; sourceTree = "<group>"; };
		E726788B25F8B3A700CA1EF4 /* ProgramData.swift */ = {isa = PBXFileReference; fileEncoding = 4; lastKnownFileType = sourcecode.swift; path = ProgramData.swift; sourceTree = "<group>"; };
		E726789B25F9CA8D00CA1EF4 /* PlanCollectionViewCell.swift */ = {isa = PBXFileReference; lastKnownFileType = sourcecode.swift; path = PlanCollectionViewCell.swift; sourceTree = "<group>"; };
		E726789C25F9CA8D00CA1EF4 /* PlanCollectionViewCell.xib */ = {isa = PBXFileReference; lastKnownFileType = file.xib; path = PlanCollectionViewCell.xib; sourceTree = "<group>"; };
		E72678A025F9CCF200CA1EF4 /* WeekModel.swift */ = {isa = PBXFileReference; lastKnownFileType = sourcecode.swift; path = WeekModel.swift; sourceTree = "<group>"; };
		E72678A325F9E04900CA1EF4 /* DoExercise2ViewController.swift */ = {isa = PBXFileReference; lastKnownFileType = sourcecode.swift; path = DoExercise2ViewController.swift; sourceTree = "<group>"; };
		E72678CE2608A30600CA1EF4 /* API.swift */ = {isa = PBXFileReference; lastKnownFileType = sourcecode.swift; path = API.swift; sourceTree = "<group>"; };
		E72719C725CAA0F100D5FA54 /* ReminderViewController.swift */ = {isa = PBXFileReference; lastKnownFileType = sourcecode.swift; path = ReminderViewController.swift; sourceTree = "<group>"; };
		E72719CA25CAB57400D5FA54 /* TimerViewController.swift */ = {isa = PBXFileReference; lastKnownFileType = sourcecode.swift; path = TimerViewController.swift; sourceTree = "<group>"; };
		E73DE0F525F0C38800D27ECF /* 21.gif */ = {isa = PBXFileReference; lastKnownFileType = image.gif; path = 21.gif; sourceTree = "<group>"; };
		E73DE0F625F0C38800D27ECF /* 35.gif */ = {isa = PBXFileReference; lastKnownFileType = image.gif; path = 35.gif; sourceTree = "<group>"; };
		E73DE0F725F0C38800D27ECF /* 09.gif */ = {isa = PBXFileReference; lastKnownFileType = image.gif; path = 09.gif; sourceTree = "<group>"; };
		E73DE0F825F0C38800D27ECF /* 08.gif */ = {isa = PBXFileReference; lastKnownFileType = image.gif; path = 08.gif; sourceTree = "<group>"; };
		E73DE0F925F0C38800D27ECF /* 34.gif */ = {isa = PBXFileReference; lastKnownFileType = image.gif; path = 34.gif; sourceTree = "<group>"; };
		E73DE0FA25F0C38800D27ECF /* 20.gif */ = {isa = PBXFileReference; lastKnownFileType = image.gif; path = 20.gif; sourceTree = "<group>"; };
		E73DE0FB25F0C38800D27ECF /* 36.gif */ = {isa = PBXFileReference; lastKnownFileType = image.gif; path = 36.gif; sourceTree = "<group>"; };
		E73DE0FC25F0C38800D27ECF /* 22.gif */ = {isa = PBXFileReference; lastKnownFileType = image.gif; path = 22.gif; sourceTree = "<group>"; };
		E73DE0FD25F0C38800D27ECF /* 23.gif */ = {isa = PBXFileReference; lastKnownFileType = image.gif; path = 23.gif; sourceTree = "<group>"; };
		E73DE0FE25F0C38800D27ECF /* 33.gif */ = {isa = PBXFileReference; lastKnownFileType = image.gif; path = 33.gif; sourceTree = "<group>"; };
		E73DE0FF25F0C38800D27ECF /* 27.gif */ = {isa = PBXFileReference; lastKnownFileType = image.gif; path = 27.gif; sourceTree = "<group>"; };
		E73DE10025F0C38800D27ECF /* 26.gif */ = {isa = PBXFileReference; lastKnownFileType = image.gif; path = 26.gif; sourceTree = "<group>"; };
		E73DE10125F0C38800D27ECF /* 32.gif */ = {isa = PBXFileReference; lastKnownFileType = image.gif; path = 32.gif; sourceTree = "<group>"; };
		E73DE10225F0C38800D27ECF /* 18.gif */ = {isa = PBXFileReference; lastKnownFileType = image.gif; path = 18.gif; sourceTree = "<group>"; };
		E73DE10325F0C38800D27ECF /* 30.gif */ = {isa = PBXFileReference; lastKnownFileType = image.gif; path = 30.gif; sourceTree = "<group>"; };
		E73DE10425F0C38800D27ECF /* 31.gif */ = {isa = PBXFileReference; lastKnownFileType = image.gif; path = 31.gif; sourceTree = "<group>"; };
		E73DE10525F0C38800D27ECF /* 25.gif */ = {isa = PBXFileReference; lastKnownFileType = image.gif; path = 25.gif; sourceTree = "<group>"; };
		E73DE10625F0C38800D27ECF /* 19.gif */ = {isa = PBXFileReference; lastKnownFileType = image.gif; path = 19.gif; sourceTree = "<group>"; };
		E73DE10725F0C38800D27ECF /* 07.gif */ = {isa = PBXFileReference; lastKnownFileType = image.gif; path = 07.gif; sourceTree = "<group>"; };
		E73DE10825F0C38800D27ECF /* 39.gif */ = {isa = PBXFileReference; lastKnownFileType = image.gif; path = 39.gif; sourceTree = "<group>"; };
		E73DE10925F0C38800D27ECF /* 38.gif */ = {isa = PBXFileReference; lastKnownFileType = image.gif; path = 38.gif; sourceTree = "<group>"; };
		E73DE10A25F0C38800D27ECF /* 37.gif */ = {isa = PBXFileReference; lastKnownFileType = image.gif; path = 37.gif; sourceTree = "<group>"; };
		E73DE10B25F0C38800D27ECF /* 24.gif */ = {isa = PBXFileReference; lastKnownFileType = image.gif; path = 24.gif; sourceTree = "<group>"; };
		E73DE10C25F0C38800D27ECF /* 14.gif */ = {isa = PBXFileReference; lastKnownFileType = image.gif; path = 14.gif; sourceTree = "<group>"; };
		E73DE10D25F0C38800D27ECF /* 28.gif */ = {isa = PBXFileReference; lastKnownFileType = image.gif; path = 28.gif; sourceTree = "<group>"; };
		E73DE10E25F0C38800D27ECF /* 29.gif */ = {isa = PBXFileReference; lastKnownFileType = image.gif; path = 29.gif; sourceTree = "<group>"; };
		E73DE10F25F0C38800D27ECF /* 15.gif */ = {isa = PBXFileReference; lastKnownFileType = image.gif; path = 15.gif; sourceTree = "<group>"; };
		E73DE11025F0C38800D27ECF /* 01.gif */ = {isa = PBXFileReference; lastKnownFileType = image.gif; path = 01.gif; sourceTree = "<group>"; };
		E73DE11125F0C38800D27ECF /* 17.gif */ = {isa = PBXFileReference; lastKnownFileType = image.gif; path = 17.gif; sourceTree = "<group>"; };
		E73DE11225F0C38800D27ECF /* 03.gif */ = {isa = PBXFileReference; lastKnownFileType = image.gif; path = 03.gif; sourceTree = "<group>"; };
		E73DE11325F0C38800D27ECF /* 02.gif */ = {isa = PBXFileReference; lastKnownFileType = image.gif; path = 02.gif; sourceTree = "<group>"; };
		E73DE11425F0C38800D27ECF /* 16.gif */ = {isa = PBXFileReference; lastKnownFileType = image.gif; path = 16.gif; sourceTree = "<group>"; };
		E73DE11525F0C38800D27ECF /* 12.gif */ = {isa = PBXFileReference; lastKnownFileType = image.gif; path = 12.gif; sourceTree = "<group>"; };
		E73DE11625F0C38800D27ECF /* 06.gif */ = {isa = PBXFileReference; lastKnownFileType = image.gif; path = 06.gif; sourceTree = "<group>"; };
		E73DE11725F0C38800D27ECF /* 13.gif */ = {isa = PBXFileReference; lastKnownFileType = image.gif; path = 13.gif; sourceTree = "<group>"; };
		E73DE11825F0C38800D27ECF /* 05.gif */ = {isa = PBXFileReference; lastKnownFileType = image.gif; path = 05.gif; sourceTree = "<group>"; };
		E73DE11925F0C38800D27ECF /* 11.gif */ = {isa = PBXFileReference; lastKnownFileType = image.gif; path = 11.gif; sourceTree = "<group>"; };
		E73DE11A25F0C38800D27ECF /* 10.gif */ = {isa = PBXFileReference; lastKnownFileType = image.gif; path = 10.gif; sourceTree = "<group>"; };
		E73DE11B25F0C38800D27ECF /* 04.gif */ = {isa = PBXFileReference; lastKnownFileType = image.gif; path = 04.gif; sourceTree = "<group>"; };
		E73DE14625F0C4BF00D27ECF /* ReviewExerciseViewController.swift */ = {isa = PBXFileReference; lastKnownFileType = sourcecode.swift; path = ReviewExerciseViewController.swift; sourceTree = "<group>"; };
		E76DE19825CB974D00A373BD /* ChallengerViewController.swift */ = {isa = PBXFileReference; lastKnownFileType = sourcecode.swift; path = ChallengerViewController.swift; sourceTree = "<group>"; };
		E76DE19B25CBA0D200A373BD /* ChallengerCollectionViewCell.swift */ = {isa = PBXFileReference; lastKnownFileType = sourcecode.swift; path = ChallengerCollectionViewCell.swift; sourceTree = "<group>"; };
		E76DE19C25CBA0D200A373BD /* ChallengerCollectionViewCell.xib */ = {isa = PBXFileReference; lastKnownFileType = file.xib; path = ChallengerCollectionViewCell.xib; sourceTree = "<group>"; };
		E76DE1A025CBA83200A373BD /* DayModel.swift */ = {isa = PBXFileReference; lastKnownFileType = sourcecode.swift; path = DayModel.swift; sourceTree = "<group>"; };
		E77C9D7325E620B3003D9277 /* ExerciseViewController.swift */ = {isa = PBXFileReference; lastKnownFileType = sourcecode.swift; path = ExerciseViewController.swift; sourceTree = "<group>"; };
		E77C9D7C25E6274A003D9277 /* ExcerciseCollectionViewCell.swift */ = {isa = PBXFileReference; lastKnownFileType = sourcecode.swift; path = ExcerciseCollectionViewCell.swift; sourceTree = "<group>"; };
		E77C9D7D25E6274A003D9277 /* ExcerciseCollectionViewCell.xib */ = {isa = PBXFileReference; lastKnownFileType = file.xib; path = ExcerciseCollectionViewCell.xib; sourceTree = "<group>"; };
		E77C9E1F25E64E24003D9277 /* plan_FAT_BURNING_EXERCISE.json */ = {isa = PBXFileReference; fileEncoding = 4; lastKnownFileType = text.json; path = plan_FAT_BURNING_EXERCISE.json; sourceTree = "<group>"; };
		E77C9E2325E8A7E2003D9277 /* plan_WAIST_EXERCISE.json */ = {isa = PBXFileReference; fileEncoding = 4; lastKnownFileType = text.json; path = plan_WAIST_EXERCISE.json; sourceTree = "<group>"; };
		E77C9E2625E8A807003D9277 /* plan_HIP_EXERCISE.json */ = {isa = PBXFileReference; fileEncoding = 4; lastKnownFileType = text.json; path = plan_HIP_EXERCISE.json; sourceTree = "<group>"; };
		E77C9E2A25E8A83B003D9277 /* plan_LEG_FAT_BURNING_EXERCISE.json */ = {isa = PBXFileReference; fileEncoding = 4; lastKnownFileType = text.json; path = plan_LEG_FAT_BURNING_EXERCISE.json; sourceTree = "<group>"; };
		E77C9E2E25ECE7DE003D9277 /* plan_default.json */ = {isa = PBXFileReference; fileEncoding = 4; lastKnownFileType = text.json; path = plan_default.json; sourceTree = "<group>"; };
		E77C9E3425ECEC35003D9277 /* PlanData.swift */ = {isa = PBXFileReference; lastKnownFileType = sourcecode.swift; path = PlanData.swift; sourceTree = "<group>"; };
		E7FD5C7D25ABF67300CFFB1E /* 21DaysFitNess.app */ = {isa = PBXFileReference; explicitFileType = wrapper.application; includeInIndex = 0; path = 21DaysFitNess.app; sourceTree = BUILT_PRODUCTS_DIR; };
		E7FD5C8025ABF67300CFFB1E /* AppDelegate.swift */ = {isa = PBXFileReference; lastKnownFileType = sourcecode.swift; path = AppDelegate.swift; sourceTree = "<group>"; };
		E7FD5C8225ABF67300CFFB1E /* SceneDelegate.swift */ = {isa = PBXFileReference; lastKnownFileType = sourcecode.swift; path = SceneDelegate.swift; sourceTree = "<group>"; };
		E7FD5C8425ABF67300CFFB1E /* ViewController.swift */ = {isa = PBXFileReference; lastKnownFileType = sourcecode.swift; path = ViewController.swift; sourceTree = "<group>"; };
		E7FD5C8725ABF67300CFFB1E /* Base */ = {isa = PBXFileReference; lastKnownFileType = file.storyboard; name = Base; path = Base.lproj/Main.storyboard; sourceTree = "<group>"; };
		E7FD5C8925ABF67600CFFB1E /* Assets.xcassets */ = {isa = PBXFileReference; lastKnownFileType = folder.assetcatalog; path = Assets.xcassets; sourceTree = "<group>"; };
		E7FD5C8C25ABF67600CFFB1E /* Base */ = {isa = PBXFileReference; lastKnownFileType = file.storyboard; name = Base; path = Base.lproj/LaunchScreen.storyboard; sourceTree = "<group>"; };
		E7FD5C8E25ABF67600CFFB1E /* Info.plist */ = {isa = PBXFileReference; lastKnownFileType = text.plist.xml; path = Info.plist; sourceTree = "<group>"; };
		EACE3BCE26E0C955827C7020 /* Pods-21DaysFitNess.release.xcconfig */ = {isa = PBXFileReference; includeInIndex = 1; lastKnownFileType = text.xcconfig; name = "Pods-21DaysFitNess.release.xcconfig"; path = "Target Support Files/Pods-21DaysFitNess/Pods-21DaysFitNess.release.xcconfig"; sourceTree = "<group>"; };
		F7BFEF9632D9A65404EE7B9B /* Pods_21DaysFitNess.framework */ = {isa = PBXFileReference; explicitFileType = wrapper.framework; includeInIndex = 0; path = Pods_21DaysFitNess.framework; sourceTree = BUILT_PRODUCTS_DIR; };
/* End PBXFileReference section */

/* Begin PBXFrameworksBuildPhase section */
		E7FD5C7A25ABF67300CFFB1E /* Frameworks */ = {
			isa = PBXFrameworksBuildPhase;
			buildActionMask = 2147483647;
			files = (
				E72678C325FF1C0600CA1EF4 /* GCProgressView in Frameworks */,
				4EDD575C93A2C7F7077520DA /* Pods_21DaysFitNess.framework in Frameworks */,
			);
			runOnlyForDeploymentPostprocessing = 0;
		};
/* End PBXFrameworksBuildPhase section */

/* Begin PBXGroup section */
		183BF0C1E6BDB7CA5A948D98 /* Pods */ = {
			isa = PBXGroup;
			children = (
				10DCB233FE3CB533DDE4ABF0 /* Pods-21DaysFitNess.debug.xcconfig */,
				EACE3BCE26E0C955827C7020 /* Pods-21DaysFitNess.release.xcconfig */,
			);
			path = Pods;
			sourceTree = "<group>";
		};
		5455756BDC6CADBF058B8AE1 /* Frameworks */ = {
			isa = PBXGroup;
			children = (
				F7BFEF9632D9A65404EE7B9B /* Pods_21DaysFitNess.framework */,
			);
			name = Frameworks;
			sourceTree = "<group>";
		};
		E71F883A25ABFCEE000C38E0 /* ViewController */ = {
			isa = PBXGroup;
			children = (
				E71F883F25AC0B8E000C38E0 /* MainViewController.swift */,
				E71F884825BE7C1A000C38E0 /* ProgramViewController.swift */,
				E726788525F8AE2A00CA1EF4 /* ProgramCollectionViewCell.swift */,
				E726788625F8AE2A00CA1EF4 /* ProgramCollectionViewCell.xib */,
				E71F887025C004EE000C38E0 /* PlanViewController.swift */,
				E726789B25F9CA8D00CA1EF4 /* PlanCollectionViewCell.swift */,
				E726789C25F9CA8D00CA1EF4 /* PlanCollectionViewCell.xib */,
				E71F887525C1299B000C38E0 /* MenuViewController.swift */,
				E71F887D25C12C95000C38E0 /* MenuTableViewCell.swift */,
				E71F887E25C12C95000C38E0 /* MenuTableViewCell.xib */,
				E71F888525C14A91000C38E0 /* SettingViewController.swift */,
				E72719C725CAA0F100D5FA54 /* ReminderViewController.swift */,
				E72719CA25CAB57400D5FA54 /* TimerViewController.swift */,
				E76DE19825CB974D00A373BD /* ChallengerViewController.swift */,
				E76DE19B25CBA0D200A373BD /* ChallengerCollectionViewCell.swift */,
				E76DE19C25CBA0D200A373BD /* ChallengerCollectionViewCell.xib */,
				E77C9D7325E620B3003D9277 /* ExerciseViewController.swift */,
				E77C9D7C25E6274A003D9277 /* ExcerciseCollectionViewCell.swift */,
				E77C9D7D25E6274A003D9277 /* ExcerciseCollectionViewCell.xib */,
				E73DE14625F0C4BF00D27ECF /* ReviewExerciseViewController.swift */,
				E704E6A225F6085700AD0379 /* DoExerciseViewController.swift */,
				E72678A325F9E04900CA1EF4 /* DoExercise2ViewController.swift */,
			);
			path = ViewController;
			sourceTree = "<group>";
		};
		E71F886425BFD8D9000C38E0 /* Models */ = {
			isa = PBXGroup;
			children = (
				E726788B25F8B3A700CA1EF4 /* ProgramData.swift */,
				E71F888225C1333B000C38E0 /* MenuData.swift */,
				E76DE1A025CBA83200A373BD /* DayModel.swift */,
				E77C9E3425ECEC35003D9277 /* PlanData.swift */,
				E72678A025F9CCF200CA1EF4 /* WeekModel.swift */,
			);
			path = Models;
			sourceTree = "<group>";
		};
		E73DE0F425F0C38800D27ECF /* td */ = {
			isa = PBXGroup;
			children = (
				E73DE0F525F0C38800D27ECF /* 21.gif */,
				E73DE0F625F0C38800D27ECF /* 35.gif */,
				E73DE0F725F0C38800D27ECF /* 09.gif */,
				E73DE0F825F0C38800D27ECF /* 08.gif */,
				E73DE0F925F0C38800D27ECF /* 34.gif */,
				E73DE0FA25F0C38800D27ECF /* 20.gif */,
				E73DE0FB25F0C38800D27ECF /* 36.gif */,
				E73DE0FC25F0C38800D27ECF /* 22.gif */,
				E73DE0FD25F0C38800D27ECF /* 23.gif */,
				E73DE0FE25F0C38800D27ECF /* 33.gif */,
				E73DE0FF25F0C38800D27ECF /* 27.gif */,
				E73DE10025F0C38800D27ECF /* 26.gif */,
				E73DE10125F0C38800D27ECF /* 32.gif */,
				E73DE10225F0C38800D27ECF /* 18.gif */,
				E73DE10325F0C38800D27ECF /* 30.gif */,
				E73DE10425F0C38800D27ECF /* 31.gif */,
				E73DE10525F0C38800D27ECF /* 25.gif */,
				E73DE10625F0C38800D27ECF /* 19.gif */,
				E73DE10725F0C38800D27ECF /* 07.gif */,
				E73DE10825F0C38800D27ECF /* 39.gif */,
				E73DE10925F0C38800D27ECF /* 38.gif */,
				E73DE10A25F0C38800D27ECF /* 37.gif */,
				E73DE10B25F0C38800D27ECF /* 24.gif */,
				E73DE10C25F0C38800D27ECF /* 14.gif */,
				E73DE10D25F0C38800D27ECF /* 28.gif */,
				E73DE10E25F0C38800D27ECF /* 29.gif */,
				E73DE10F25F0C38800D27ECF /* 15.gif */,
				E73DE11025F0C38800D27ECF /* 01.gif */,
				E73DE11125F0C38800D27ECF /* 17.gif */,
				E73DE11225F0C38800D27ECF /* 03.gif */,
				E73DE11325F0C38800D27ECF /* 02.gif */,
				E73DE11425F0C38800D27ECF /* 16.gif */,
				E73DE11525F0C38800D27ECF /* 12.gif */,
				E73DE11625F0C38800D27ECF /* 06.gif */,
				E73DE11725F0C38800D27ECF /* 13.gif */,
				E73DE11825F0C38800D27ECF /* 05.gif */,
				E73DE11925F0C38800D27ECF /* 11.gif */,
				E73DE11A25F0C38800D27ECF /* 10.gif */,
				E73DE11B25F0C38800D27ECF /* 04.gif */,
			);
			name = td;
			path = ../../Downloads/21days/assets/td;
			sourceTree = "<group>";
		};
		E77C9DE425E63AE5003D9277 /* json */ = {
			isa = PBXGroup;
			children = (
				E77C9E1F25E64E24003D9277 /* plan_FAT_BURNING_EXERCISE.json */,
				E77C9E2325E8A7E2003D9277 /* plan_WAIST_EXERCISE.json */,
				E77C9E2625E8A807003D9277 /* plan_HIP_EXERCISE.json */,
				E77C9E2A25E8A83B003D9277 /* plan_LEG_FAT_BURNING_EXERCISE.json */,
				E77C9E2E25ECE7DE003D9277 /* plan_default.json */,
			);
			path = json;
			sourceTree = "<group>";
		};
		E77C9E1525E6492E003D9277 /* service */ = {
			isa = PBXGroup;
			children = (
				E72678CE2608A30600CA1EF4 /* API.swift */,
			);
			path = service;
			sourceTree = "<group>";
		};
		E7FD5C7425ABF67300CFFB1E = {
			isa = PBXGroup;
			children = (
				E73DE0F425F0C38800D27ECF /* td */,
				E7FD5C7F25ABF67300CFFB1E /* 21DaysFitNess */,
				E7FD5C7E25ABF67300CFFB1E /* Products */,
				183BF0C1E6BDB7CA5A948D98 /* Pods */,
				5455756BDC6CADBF058B8AE1 /* Frameworks */,
			);
			sourceTree = "<group>";
		};
		E7FD5C7E25ABF67300CFFB1E /* Products */ = {
			isa = PBXGroup;
			children = (
				E7FD5C7D25ABF67300CFFB1E /* 21DaysFitNess.app */,
			);
			name = Products;
			sourceTree = "<group>";
		};
		E7FD5C7F25ABF67300CFFB1E /* 21DaysFitNess */ = {
			isa = PBXGroup;
			children = (
				E77C9E1525E6492E003D9277 /* service */,
				E7FD5C8025ABF67300CFFB1E /* AppDelegate.swift */,
				E7FD5C8225ABF67300CFFB1E /* SceneDelegate.swift */,
				E7FD5C8425ABF67300CFFB1E /* ViewController.swift */,
				E77C9DE425E63AE5003D9277 /* json */,
				E71F886425BFD8D9000C38E0 /* Models */,
				E71F883A25ABFCEE000C38E0 /* ViewController */,
				E7FD5C8625ABF67300CFFB1E /* Main.storyboard */,
				E7FD5C8925ABF67600CFFB1E /* Assets.xcassets */,
				E7FD5C8B25ABF67600CFFB1E /* LaunchScreen.storyboard */,
				E7FD5C8E25ABF67600CFFB1E /* Info.plist */,
			);
			path = 21DaysFitNess;
			sourceTree = "<group>";
		};
/* End PBXGroup section */

/* Begin PBXNativeTarget section */
		E7FD5C7C25ABF67300CFFB1E /* 21DaysFitNess */ = {
			isa = PBXNativeTarget;
			buildConfigurationList = E7FD5C9125ABF67600CFFB1E /* Build configuration list for PBXNativeTarget "21DaysFitNess" */;
			buildPhases = (
				B5D35DF5B919FCC1E335231E /* [CP] Check Pods Manifest.lock */,
				E7FD5C7925ABF67300CFFB1E /* Sources */,
				E7FD5C7A25ABF67300CFFB1E /* Frameworks */,
				E7FD5C7B25ABF67300CFFB1E /* Resources */,
				0EE731ED5C3FFB34D73FBF97 /* [CP] Embed Pods Frameworks */,
			);
			buildRules = (
			);
			dependencies = (
			);
			name = 21DaysFitNess;
			packageProductDependencies = (
				E72678C225FF1C0600CA1EF4 /* GCProgressView */,
			);
			productName = 21DaysFitNess;
			productReference = E7FD5C7D25ABF67300CFFB1E /* 21DaysFitNess.app */;
			productType = "com.apple.product-type.application";
		};
/* End PBXNativeTarget section */

/* Begin PBXProject section */
		E7FD5C7525ABF67300CFFB1E /* Project object */ = {
			isa = PBXProject;
			attributes = {
				LastSwiftUpdateCheck = 1230;
				LastUpgradeCheck = 1230;
				TargetAttributes = {
					E7FD5C7C25ABF67300CFFB1E = {
						CreatedOnToolsVersion = 12.3;
					};
				};
			};
			buildConfigurationList = E7FD5C7825ABF67300CFFB1E /* Build configuration list for PBXProject "21DaysFitNess" */;
			compatibilityVersion = "Xcode 9.3";
			developmentRegion = en;
			hasScannedForEncodings = 0;
			knownRegions = (
				en,
				Base,
			);
			mainGroup = E7FD5C7425ABF67300CFFB1E;
			packageReferences = (
				E72678C125FF1C0500CA1EF4 /* XCRemoteSwiftPackageReference "GCProgressView" */,
			);
			productRefGroup = E7FD5C7E25ABF67300CFFB1E /* Products */;
			projectDirPath = "";
			projectRoot = "";
			targets = (
				E7FD5C7C25ABF67300CFFB1E /* 21DaysFitNess */,
			);
		};
/* End PBXProject section */

/* Begin PBXResourcesBuildPhase section */
		E7FD5C7B25ABF67300CFFB1E /* Resources */ = {
			isa = PBXResourcesBuildPhase;
			buildActionMask = 2147483647;
			files = (
				E73DE14225F0C38800D27ECF /* 04.gif in Resources */,
				E73DE13E25F0C38800D27ECF /* 13.gif in Resources */,
				E73DE12E25F0C38800D27ECF /* 07.gif in Resources */,
				E73DE13F25F0C38800D27ECF /* 05.gif in Resources */,
				E73DE11D25F0C38800D27ECF /* 35.gif in Resources */,
				E73DE13625F0C38800D27ECF /* 15.gif in Resources */,
				E73DE12C25F0C38800D27ECF /* 25.gif in Resources */,
				E73DE12025F0C38800D27ECF /* 34.gif in Resources */,
				E73DE13025F0C38800D27ECF /* 38.gif in Resources */,
				E73DE13B25F0C38800D27ECF /* 16.gif in Resources */,
				E73DE13325F0C38800D27ECF /* 14.gif in Resources */,
				E73DE13225F0C38800D27ECF /* 24.gif in Resources */,
				E77C9E2725E8A807003D9277 /* plan_HIP_EXERCISE.json in Resources */,
				E73DE14025F0C38800D27ECF /* 11.gif in Resources */,
				E73DE12F25F0C38800D27ECF /* 39.gif in Resources */,
				E73DE13825F0C38800D27ECF /* 17.gif in Resources */,
				E73DE12625F0C38800D27ECF /* 27.gif in Resources */,
				E73DE11C25F0C38800D27ECF /* 21.gif in Resources */,
				E77C9E2425E8A7E2003D9277 /* plan_WAIST_EXERCISE.json in Resources */,
				E73DE13D25F0C38800D27ECF /* 06.gif in Resources */,
				E73DE13925F0C38800D27ECF /* 03.gif in Resources */,
				E73DE13425F0C38800D27ECF /* 28.gif in Resources */,
				E7FD5C8D25ABF67600CFFB1E /* LaunchScreen.storyboard in Resources */,
				E73DE13525F0C38800D27ECF /* 29.gif in Resources */,
				E73DE12825F0C38800D27ECF /* 32.gif in Resources */,
				E73DE14125F0C38800D27ECF /* 10.gif in Resources */,
				E73DE12525F0C38800D27ECF /* 33.gif in Resources */,
				E73DE12725F0C38800D27ECF /* 26.gif in Resources */,
				E73DE11E25F0C38800D27ECF /* 09.gif in Resources */,
				E7FD5C8A25ABF67600CFFB1E /* Assets.xcassets in Resources */,
				E77C9E2B25E8A83B003D9277 /* plan_LEG_FAT_BURNING_EXERCISE.json in Resources */,
				E73DE12A25F0C38800D27ECF /* 30.gif in Resources */,
				E73DE12B25F0C38800D27ECF /* 31.gif in Resources */,
				E73DE12D25F0C38800D27ECF /* 19.gif in Resources */,
				E73DE12225F0C38800D27ECF /* 36.gif in Resources */,
				E73DE13725F0C38800D27ECF /* 01.gif in Resources */,
				E77C9D7F25E6274A003D9277 /* ExcerciseCollectionViewCell.xib in Resources */,
				E73DE12925F0C38800D27ECF /* 18.gif in Resources */,
				E76DE19E25CBA0D200A373BD /* ChallengerCollectionViewCell.xib in Resources */,
				E73DE13125F0C38800D27ECF /* 37.gif in Resources */,
				E726788825F8AE2A00CA1EF4 /* ProgramCollectionViewCell.xib in Resources */,
				E73DE11F25F0C38800D27ECF /* 08.gif in Resources */,
				E71F888025C12C95000C38E0 /* MenuTableViewCell.xib in Resources */,
				E7FD5C8825ABF67300CFFB1E /* Main.storyboard in Resources */,
				E73DE12425F0C38800D27ECF /* 23.gif in Resources */,
				E726789E25F9CA8D00CA1EF4 /* PlanCollectionViewCell.xib in Resources */,
				E73DE12325F0C38800D27ECF /* 22.gif in Resources */,
				E77C9E2F25ECE7DE003D9277 /* plan_default.json in Resources */,
				E73DE12125F0C38800D27ECF /* 20.gif in Resources */,
				E73DE13C25F0C38800D27ECF /* 12.gif in Resources */,
				E73DE13A25F0C38800D27ECF /* 02.gif in Resources */,
				E77C9E2025E64E24003D9277 /* plan_FAT_BURNING_EXERCISE.json in Resources */,
			);
			runOnlyForDeploymentPostprocessing = 0;
		};
/* End PBXResourcesBuildPhase section */

/* Begin PBXShellScriptBuildPhase section */
		0EE731ED5C3FFB34D73FBF97 /* [CP] Embed Pods Frameworks */ = {
			isa = PBXShellScriptBuildPhase;
			buildActionMask = 2147483647;
			files = (
			);
			inputFileListPaths = (
				"${PODS_ROOT}/Target Support Files/Pods-21DaysFitNess/Pods-21DaysFitNess-frameworks-${CONFIGURATION}-input-files.xcfilelist",
			);
			name = "[CP] Embed Pods Frameworks";
			outputFileListPaths = (
				"${PODS_ROOT}/Target Support Files/Pods-21DaysFitNess/Pods-21DaysFitNess-frameworks-${CONFIGURATION}-output-files.xcfilelist",
			);
			runOnlyForDeploymentPostprocessing = 0;
			shellPath = /bin/sh;
			shellScript = "\"${PODS_ROOT}/Target Support Files/Pods-21DaysFitNess/Pods-21DaysFitNess-frameworks.sh\"\n";
			showEnvVarsInLog = 0;
		};
		B5D35DF5B919FCC1E335231E /* [CP] Check Pods Manifest.lock */ = {
			isa = PBXShellScriptBuildPhase;
			buildActionMask = 2147483647;
			files = (
			);
			inputFileListPaths = (
			);
			inputPaths = (
				"${PODS_PODFILE_DIR_PATH}/Podfile.lock",
				"${PODS_ROOT}/Manifest.lock",
			);
			name = "[CP] Check Pods Manifest.lock";
			outputFileListPaths = (
			);
			outputPaths = (
				"$(DERIVED_FILE_DIR)/Pods-21DaysFitNess-checkManifestLockResult.txt",
			);
			runOnlyForDeploymentPostprocessing = 0;
			shellPath = /bin/sh;
			shellScript = "diff \"${PODS_PODFILE_DIR_PATH}/Podfile.lock\" \"${PODS_ROOT}/Manifest.lock\" > /dev/null\nif [ $? != 0 ] ; then\n    # print error to STDERR\n    echo \"error: The sandbox is not in sync with the Podfile.lock. Run 'pod install' or update your CocoaPods installation.\" >&2\n    exit 1\nfi\n# This output is used by Xcode 'outputs' to avoid re-running this script phase.\necho \"SUCCESS\" > \"${SCRIPT_OUTPUT_FILE_0}\"\n";
			showEnvVarsInLog = 0;
		};
/* End PBXShellScriptBuildPhase section */

/* Begin PBXSourcesBuildPhase section */
		E7FD5C7925ABF67300CFFB1E /* Sources */ = {
			isa = PBXSourcesBuildPhase;
			buildActionMask = 2147483647;
			files = (
				E7FD5C8525ABF67300CFFB1E /* ViewController.swift in Sources */,
				E71F884025AC0B8E000C38E0 /* MainViewController.swift in Sources */,
				E71F884925BE7C1A000C38E0 /* ProgramViewController.swift in Sources */,
				E77C9D7E25E6274A003D9277 /* ExcerciseCollectionViewCell.swift in Sources */,
				E73DE14725F0C4BF00D27ECF /* ReviewExerciseViewController.swift in Sources */,
				E72719C825CAA0F100D5FA54 /* ReminderViewController.swift in Sources */,
				E71F887F25C12C95000C38E0 /* MenuTableViewCell.swift in Sources */,
				E71F887625C1299B000C38E0 /* MenuViewController.swift in Sources */,
				E72678CF2608A30600CA1EF4 /* API.swift in Sources */,
				E726788C25F8B3A700CA1EF4 /* ProgramData.swift in Sources */,
				E76DE19925CB974D00A373BD /* ChallengerViewController.swift in Sources */,
				E71F888325C1333B000C38E0 /* MenuData.swift in Sources */,
				E7FD5C8125ABF67300CFFB1E /* AppDelegate.swift in Sources */,
				E71F887125C004EE000C38E0 /* PlanViewController.swift in Sources */,
				E72678A425F9E04900CA1EF4 /* DoExercise2ViewController.swift in Sources */,
				E72719CB25CAB57400D5FA54 /* TimerViewController.swift in Sources */,
				E72678A125F9CCF200CA1EF4 /* WeekModel.swift in Sources */,
				E76DE19D25CBA0D200A373BD /* ChallengerCollectionViewCell.swift in Sources */,
				E7FD5C8325ABF67300CFFB1E /* SceneDelegate.swift in Sources */,
				E726789D25F9CA8D00CA1EF4 /* PlanCollectionViewCell.swift in Sources */,
				E704E6A325F6085700AD0379 /* DoExerciseViewController.swift in Sources */,
				E726788725F8AE2A00CA1EF4 /* ProgramCollectionViewCell.swift in Sources */,
				E77C9E3525ECEC35003D9277 /* PlanData.swift in Sources */,
				E76DE1A125CBA83200A373BD /* DayModel.swift in Sources */,
				E77C9D7425E620B3003D9277 /* ExerciseViewController.swift in Sources */,
				E71F888625C14A91000C38E0 /* SettingViewController.swift in Sources */,
			);
			runOnlyForDeploymentPostprocessing = 0;
		};
/* End PBXSourcesBuildPhase section */

/* Begin PBXVariantGroup section */
		E7FD5C8625ABF67300CFFB1E /* Main.storyboard */ = {
			isa = PBXVariantGroup;
			children = (
				E7FD5C8725ABF67300CFFB1E /* Base */,
			);
			name = Main.storyboard;
			sourceTree = "<group>";
		};
		E7FD5C8B25ABF67600CFFB1E /* LaunchScreen.storyboard */ = {
			isa = PBXVariantGroup;
			children = (
				E7FD5C8C25ABF67600CFFB1E /* Base */,
			);
			name = LaunchScreen.storyboard;
			sourceTree = "<group>";
		};
/* End PBXVariantGroup section */

/* Begin XCBuildConfiguration section */
		E7FD5C8F25ABF67600CFFB1E /* Debug */ = {
			isa = XCBuildConfiguration;
			buildSettings = {
				ALWAYS_SEARCH_USER_PATHS = NO;
				CLANG_ANALYZER_NONNULL = YES;
				CLANG_ANALYZER_NUMBER_OBJECT_CONVERSION = YES_AGGRESSIVE;
				CLANG_CXX_LANGUAGE_STANDARD = "gnu++14";
				CLANG_CXX_LIBRARY = "libc++";
				CLANG_ENABLE_MODULES = YES;
				CLANG_ENABLE_OBJC_ARC = YES;
				CLANG_ENABLE_OBJC_WEAK = YES;
				CLANG_WARN_BLOCK_CAPTURE_AUTORELEASING = YES;
				CLANG_WARN_BOOL_CONVERSION = YES;
				CLANG_WARN_COMMA = YES;
				CLANG_WARN_CONSTANT_CONVERSION = YES;
				CLANG_WARN_DEPRECATED_OBJC_IMPLEMENTATIONS = YES;
				CLANG_WARN_DIRECT_OBJC_ISA_USAGE = YES_ERROR;
				CLANG_WARN_DOCUMENTATION_COMMENTS = YES;
				CLANG_WARN_EMPTY_BODY = YES;
				CLANG_WARN_ENUM_CONVERSION = YES;
				CLANG_WARN_INFINITE_RECURSION = YES;
				CLANG_WARN_INT_CONVERSION = YES;
				CLANG_WARN_NON_LITERAL_NULL_CONVERSION = YES;
				CLANG_WARN_OBJC_IMPLICIT_RETAIN_SELF = YES;
				CLANG_WARN_OBJC_LITERAL_CONVERSION = YES;
				CLANG_WARN_OBJC_ROOT_CLASS = YES_ERROR;
				CLANG_WARN_QUOTED_INCLUDE_IN_FRAMEWORK_HEADER = YES;
				CLANG_WARN_RANGE_LOOP_ANALYSIS = YES;
				CLANG_WARN_STRICT_PROTOTYPES = YES;
				CLANG_WARN_SUSPICIOUS_MOVE = YES;
				CLANG_WARN_UNGUARDED_AVAILABILITY = YES_AGGRESSIVE;
				CLANG_WARN_UNREACHABLE_CODE = YES;
				CLANG_WARN__DUPLICATE_METHOD_MATCH = YES;
				COPY_PHASE_STRIP = NO;
				DEBUG_INFORMATION_FORMAT = dwarf;
				ENABLE_STRICT_OBJC_MSGSEND = YES;
				ENABLE_TESTABILITY = YES;
				GCC_C_LANGUAGE_STANDARD = gnu11;
				GCC_DYNAMIC_NO_PIC = NO;
				GCC_NO_COMMON_BLOCKS = YES;
				GCC_OPTIMIZATION_LEVEL = 0;
				GCC_PREPROCESSOR_DEFINITIONS = (
					"DEBUG=1",
					"$(inherited)",
				);
				GCC_WARN_64_TO_32_BIT_CONVERSION = YES;
				GCC_WARN_ABOUT_RETURN_TYPE = YES_ERROR;
				GCC_WARN_UNDECLARED_SELECTOR = YES;
				GCC_WARN_UNINITIALIZED_AUTOS = YES_AGGRESSIVE;
				GCC_WARN_UNUSED_FUNCTION = YES;
				GCC_WARN_UNUSED_VARIABLE = YES;
				IPHONEOS_DEPLOYMENT_TARGET = 14.3;
				MTL_ENABLE_DEBUG_INFO = INCLUDE_SOURCE;
				MTL_FAST_MATH = YES;
				ONLY_ACTIVE_ARCH = YES;
				SDKROOT = iphoneos;
				SWIFT_ACTIVE_COMPILATION_CONDITIONS = DEBUG;
				SWIFT_OPTIMIZATION_LEVEL = "-Onone";
			};
			name = Debug;
		};
		E7FD5C9025ABF67600CFFB1E /* Release */ = {
			isa = XCBuildConfiguration;
			buildSettings = {
				ALWAYS_SEARCH_USER_PATHS = NO;
				CLANG_ANALYZER_NONNULL = YES;
				CLANG_ANALYZER_NUMBER_OBJECT_CONVERSION = YES_AGGRESSIVE;
				CLANG_CXX_LANGUAGE_STANDARD = "gnu++14";
				CLANG_CXX_LIBRARY = "libc++";
				CLANG_ENABLE_MODULES = YES;
				CLANG_ENABLE_OBJC_ARC = YES;
				CLANG_ENABLE_OBJC_WEAK = YES;
				CLANG_WARN_BLOCK_CAPTURE_AUTORELEASING = YES;
				CLANG_WARN_BOOL_CONVERSION = YES;
				CLANG_WARN_COMMA = YES;
				CLANG_WARN_CONSTANT_CONVERSION = YES;
				CLANG_WARN_DEPRECATED_OBJC_IMPLEMENTATIONS = YES;
				CLANG_WARN_DIRECT_OBJC_ISA_USAGE = YES_ERROR;
				CLANG_WARN_DOCUMENTATION_COMMENTS = YES;
				CLANG_WARN_EMPTY_BODY = YES;
				CLANG_WARN_ENUM_CONVERSION = YES;
				CLANG_WARN_INFINITE_RECURSION = YES;
				CLANG_WARN_INT_CONVERSION = YES;
				CLANG_WARN_NON_LITERAL_NULL_CONVERSION = YES;
				CLANG_WARN_OBJC_IMPLICIT_RETAIN_SELF = YES;
				CLANG_WARN_OBJC_LITERAL_CONVERSION = YES;
				CLANG_WARN_OBJC_ROOT_CLASS = YES_ERROR;
				CLANG_WARN_QUOTED_INCLUDE_IN_FRAMEWORK_HEADER = YES;
				CLANG_WARN_RANGE_LOOP_ANALYSIS = YES;
				CLANG_WARN_STRICT_PROTOTYPES = YES;
				CLANG_WARN_SUSPICIOUS_MOVE = YES;
				CLANG_WARN_UNGUARDED_AVAILABILITY = YES_AGGRESSIVE;
				CLANG_WARN_UNREACHABLE_CODE = YES;
				CLANG_WARN__DUPLICATE_METHOD_MATCH = YES;
				COPY_PHASE_STRIP = NO;
				DEBUG_INFORMATION_FORMAT = "dwarf-with-dsym";
				ENABLE_NS_ASSERTIONS = NO;
				ENABLE_STRICT_OBJC_MSGSEND = YES;
				GCC_C_LANGUAGE_STANDARD = gnu11;
				GCC_NO_COMMON_BLOCKS = YES;
				GCC_WARN_64_TO_32_BIT_CONVERSION = YES;
				GCC_WARN_ABOUT_RETURN_TYPE = YES_ERROR;
				GCC_WARN_UNDECLARED_SELECTOR = YES;
				GCC_WARN_UNINITIALIZED_AUTOS = YES_AGGRESSIVE;
				GCC_WARN_UNUSED_FUNCTION = YES;
				GCC_WARN_UNUSED_VARIABLE = YES;
				IPHONEOS_DEPLOYMENT_TARGET = 14.3;
				MTL_ENABLE_DEBUG_INFO = NO;
				MTL_FAST_MATH = YES;
				SDKROOT = iphoneos;
				SWIFT_COMPILATION_MODE = wholemodule;
				SWIFT_OPTIMIZATION_LEVEL = "-O";
				VALIDATE_PRODUCT = YES;
			};
			name = Release;
		};
		E7FD5C9225ABF67600CFFB1E /* Debug */ = {
			isa = XCBuildConfiguration;
			baseConfigurationReference = 10DCB233FE3CB533DDE4ABF0 /* Pods-21DaysFitNess.debug.xcconfig */;
			buildSettings = {
				ASSETCATALOG_COMPILER_APPICON_NAME = AppIcon;
				ASSETCATALOG_COMPILER_GLOBAL_ACCENT_COLOR_NAME = AccentColor;
				CODE_SIGN_STYLE = Automatic;
				INFOPLIST_FILE = 21DaysFitNess/Info.plist;
				IPHONEOS_DEPLOYMENT_TARGET = 13.0;
				LD_RUNPATH_SEARCH_PATHS = (
					"$(inherited)",
					"@executable_path/Frameworks",
				);
				PRODUCT_BUNDLE_IDENTIFIER = nguyenvu.21DaysFitNess;
				PRODUCT_NAME = "$(TARGET_NAME)";
				SWIFT_VERSION = 5.0;
				TARGETED_DEVICE_FAMILY = "1,2";
			};
			name = Debug;
		};
		E7FD5C9325ABF67600CFFB1E /* Release */ = {
			isa = XCBuildConfiguration;
			baseConfigurationReference = EACE3BCE26E0C955827C7020 /* Pods-21DaysFitNess.release.xcconfig */;
			buildSettings = {
				ASSETCATALOG_COMPILER_APPICON_NAME = AppIcon;
				ASSETCATALOG_COMPILER_GLOBAL_ACCENT_COLOR_NAME = AccentColor;
				CODE_SIGN_STYLE = Automatic;
				INFOPLIST_FILE = 21DaysFitNess/Info.plist;
				IPHONEOS_DEPLOYMENT_TARGET = 13.0;
				LD_RUNPATH_SEARCH_PATHS = (
					"$(inherited)",
					"@executable_path/Frameworks",
				);
				PRODUCT_BUNDLE_IDENTIFIER = nguyenvu.21DaysFitNess;
				PRODUCT_NAME = "$(TARGET_NAME)";
				SWIFT_VERSION = 5.0;
				TARGETED_DEVICE_FAMILY = "1,2";
			};
			name = Release;
		};
/* End XCBuildConfiguration section */

/* Begin XCConfigurationList section */
		E7FD5C7825ABF67300CFFB1E /* Build configuration list for PBXProject "21DaysFitNess" */ = {
			isa = XCConfigurationList;
			buildConfigurations = (
				E7FD5C8F25ABF67600CFFB1E /* Debug */,
				E7FD5C9025ABF67600CFFB1E /* Release */,
			);
			defaultConfigurationIsVisible = 0;
			defaultConfigurationName = Release;
		};
		E7FD5C9125ABF67600CFFB1E /* Build configuration list for PBXNativeTarget "21DaysFitNess" */ = {
			isa = XCConfigurationList;
			buildConfigurations = (
				E7FD5C9225ABF67600CFFB1E /* Debug */,
				E7FD5C9325ABF67600CFFB1E /* Release */,
			);
			defaultConfigurationIsVisible = 0;
			defaultConfigurationName = Release;
		};
/* End XCConfigurationList section */

/* Begin XCRemoteSwiftPackageReference section */
		E72678C125FF1C0500CA1EF4 /* XCRemoteSwiftPackageReference "GCProgressView" */ = {
			isa = XCRemoteSwiftPackageReference;
			repositoryURL = "https://github.com/graycampbell/GCProgressView";
			requirement = {
				kind = upToNextMajorVersion;
				minimumVersion = 1.0.0;
			};
		};
/* End XCRemoteSwiftPackageReference section */

/* Begin XCSwiftPackageProductDependency section */
		E72678C225FF1C0600CA1EF4 /* GCProgressView */ = {
			isa = XCSwiftPackageProductDependency;
			package = E72678C125FF1C0500CA1EF4 /* XCRemoteSwiftPackageReference "GCProgressView" */;
			productName = GCProgressView;
		};
/* End XCSwiftPackageProductDependency section */
	};
	rootObject = E7FD5C7525ABF67300CFFB1E /* Project object */;
}
